
Microsoft Visual Studio Solution File, Format Version 12.00
# Visual Studio Version 16
VisualStudioVersion = 16.0.30611.23
MinimumVisualStudioVersion = 10.0.40219.1
Project("{FAE04EC0-301F-11D3-BF4B-00C04F79EFBC}") = "MVC5Demo", "MVC5Demo\MVC5Demo.csproj", "{49DCEA5A-C982-47F2-8715-5CC8A4923FA1}"
EndProject
Global
	GlobalSection(SolutionConfigurationPlatforms) = preSolution
		Debug|Any CPU = Debug|Any CPU
		Release|Any CPU = Release|Any CPU
	EndGlobalSection
	GlobalSection(ProjectConfigurationPlatforms) = postSolution
		{49DCEA5A-C982-47F2-8715-5CC8A4923FA1}.Debug|Any CPU.ActiveCfg = Debug|Any CPU
		{49DCEA5A-C982-47F2-8715-5CC8A4923FA1}.Debug|Any CPU.Build.0 = Debug|Any CPU
		{49DCEA5A-C982-47F2-8715-5CC8A4923FA1}.Release|Any CPU.ActiveCfg = Release|Any CPU
		{49DCEA5A-C982-47F2-8715-5CC8A4923FA1}.Release|Any CPU.Build.0 = Release|Any CPU
	EndGlobalSection
	GlobalSection(SolutionProperties) = preSolution
		HideSolutionNode = FALSE
	EndGlobalSection
	GlobalSection(ExtensibilityGlobals) = postSolution
		SolutionGuid = {DD8829D9-DD19-47F1-88F6-930A08E787B8}
	EndGlobalSection
EndGlobal
